<?xml version="1.0" encoding="utf-8"?>
<Project ToolsVersion="4.0" xmlns="http://schemas.microsoft.com/developer/msbuild/2003">
  <ItemGroup>
    <Filter Include="ソース ファイル">
      <UniqueIdentifier>{4FC737F1-C7A5-4376-A066-2A32D752A2FF}</UniqueIdentifier>
      <Extensions>cpp;c;cc;cxx;def;odl;idl;hpj;bat;asm;asmx</Extensions>
    </Filter>
    <Filter Include="ヘッダー ファイル">
      <UniqueIdentifier>{93995380-89BD-4b04-88EB-625FBE52EBFB}</UniqueIdentifier>
      <Extensions>h;hh;hpp;hxx;hm;inl;inc;ipp;xsd</Extensions>
    </Filter>
    <Filter Include="リソース ファイル">
      <UniqueIdentifier>{67DA6AB6-F800-4c08-8B7A-83BB121AAD01}</UniqueIdentifier>
      <Extensions>rc;ico;cur;bmp;dlg;rc2;rct;bin;rgs;gif;jpg;jpeg;jpe;resx;tiff;tif;png;wav;mfcribbon-ms</Extensions>
    </Filter>
    <Filter Include="ソース ファイル\function">
      <UniqueIdentifier>{d3bfb1eb-1ba9-46b2-9289-05e9bfa66f14}</UniqueIdentifier>
    </Filter>
    <Filter Include="ヘッダー ファイル\function">
      <UniqueIdentifier>{85081870-ecd6-4265-83e1-2ab179e37636}</UniqueIdentifier>
    </Filter>
    <Filter Include="ソース ファイル\lib">
      <UniqueIdentifier>{832950ea-11fa-4e31-a325-0e2f0ac01b66}</UniqueIdentifier>
    </Filter>
    <Filter Include="ヘッダー ファイル\lib">
      <UniqueIdentifier>{9e4925c8-fac4-469a-b75b-1654c754bf69}</UniqueIdentifier>
    </Filter>
    <Filter Include="ヘッダー ファイル\lib\hash-library">
      <UniqueIdentifier>{437c353c-8b83-4a34-ae5b-e334832a3b8b}</UniqueIdentifier>
    </Filter>
    <Filter Include="ソース ファイル\lib\hash-library">
      <UniqueIdentifier>{12a80149-39b7-42b5-9dc4-df682ddd86aa}</UniqueIdentifier>
    </Filter>
    <Filter Include="ソース ファイル\function\color">
      <UniqueIdentifier>{c580d9a8-cab1-4a41-a490-5150e706859f}</UniqueIdentifier>
    </Filter>
    <Filter Include="ヘッダー ファイル\function\color">
      <UniqueIdentifier>{fa895cee-2234-44c1-8bb9-dbd6b7bcd813}</UniqueIdentifier>
    </Filter>
    <Filter Include="ソース ファイル\function\geometry">
      <UniqueIdentifier>{ba94b497-2100-4962-90a8-068d815603ba}</UniqueIdentifier>
    </Filter>
    <Filter Include="ヘッダー ファイル\function\geometry">
      <UniqueIdentifier>{c87bda3b-b224-4f11-a8c5-fa3987aa91ca}</UniqueIdentifier>
    </Filter>
    <Filter Include="ソース ファイル\lib\qr-code-generator">
      <UniqueIdentifier>{41810f70-e9f2-45da-aea6-d1296e65df8e}</UniqueIdentifier>
    </Filter>
    <Filter Include="ヘッダー ファイル\lib\qr-code-generator">
      <UniqueIdentifier>{4844f0f9-f7f3-4e38-b6f2-b88f1f116a3b}</UniqueIdentifier>
    </Filter>
    <Filter Include="ソース ファイル\lib\fmt">
      <UniqueIdentifier>{f780111b-e71c-441c-ae7b-3cc85c77faff}</UniqueIdentifier>
    </Filter>
    <Filter Include="ヘッダー ファイル\function\string">
      <UniqueIdentifier>{ca4d1690-2991-413b-a3dd-1810de2ab458}</UniqueIdentifier>
    </Filter>
    <Filter Include="ヘッダー ファイル\function\math">
      <UniqueIdentifier>{7bf8ba7d-85ed-49d7-8bef-137c22530770}</UniqueIdentifier>
    </Filter>
    <Filter Include="ソース ファイル\function\math">
      <UniqueIdentifier>{754c626d-f847-4c78-a5e9-960db680b5df}</UniqueIdentifier>
    </Filter>
    <Filter Include="ソース ファイル\function\string">
      <UniqueIdentifier>{8c496589-537a-4787-9c29-15df40806860}</UniqueIdentifier>
    </Filter>
    <Filter Include="ソース ファイル\lib\MultipartEncoder">
      <UniqueIdentifier>{1e105d6b-198f-4ba2-8249-4e7ab52905af}</UniqueIdentifier>
    </Filter>
    <Filter Include="ヘッダー ファイル\lib\MultipartEncoder">
      <UniqueIdentifier>{d03bd074-ad28-4f1c-b119-f7589d6c3e2b}</UniqueIdentifier>
    </Filter>
    <Filter Include="ソース ファイル\function\debug">
      <UniqueIdentifier>{a3af797d-2d0a-4d5d-8a34-8e99b1710385}</UniqueIdentifier>
    </Filter>
    <Filter Include="ヘッダー ファイル\function\debug">
      <UniqueIdentifier>{5dc26710-317c-405d-8957-5c79051ed261}</UniqueIdentifier>
    </Filter>
  </ItemGroup>
  <ItemGroup>
    <ClCompile Include="lua.cpp">
      <Filter>ソース ファイル</Filter>
    </ClCompile>
    <ClCompile Include="base.cpp">
      <Filter>ソース ファイル\function</Filter>
    </ClCompile>
    <ClCompile Include="os.cpp">
      <Filter>ソース ファイル\function</Filter>
    </ClCompile>
    <ClCompile Include="clipboard.cpp">
      <Filter>ソース ファイル\function</Filter>
    </ClCompile>
    <ClCompile Include="filesystem.cpp">
      <Filter>ソース ファイル\function</Filter>
    </ClCompile>
    <ClCompile Include="textmodule.cpp">
      <Filter>ソース ファイル</Filter>
    </ClCompile>
    <ClCompile Include="textmodule_lua.cpp">
      <Filter>ソース ファイル\lib</Filter>
    </ClCompile>
    <ClCompile Include="textmodule_string.cpp">
      <Filter>ソース ファイル\lib</Filter>
    </ClCompile>
    <ClCompile Include="textmodule_option.cpp">
      <Filter>ソース ファイル\lib</Filter>
    </ClCompile>
    <ClCompile Include="hash.cpp">
      <Filter>ソース ファイル\function</Filter>
    </ClCompile>
    <ClCompile Include="hash-library\crc32.cpp">
      <Filter>ソース ファイル\lib\hash-library</Filter>
    </ClCompile>
    <ClCompile Include="hash-library\digest.cpp">
      <Filter>ソース ファイル\lib\hash-library</Filter>
    </ClCompile>
    <ClCompile Include="hash-library\keccak.cpp">
      <Filter>ソース ファイル\lib\hash-library</Filter>
    </ClCompile>
    <ClCompile Include="hash-library\md5.cpp">
      <Filter>ソース ファイル\lib\hash-library</Filter>
    </ClCompile>
    <ClCompile Include="hash-library\sha1.cpp">
      <Filter>ソース ファイル\lib\hash-library</Filter>
    </ClCompile>
    <ClCompile Include="hash-library\sha3.cpp">
      <Filter>ソース ファイル\lib\hash-library</Filter>
    </ClCompile>
    <ClCompile Include="hash-library\sha256.cpp">
      <Filter>ソース ファイル\lib\hash-library</Filter>
    </ClCompile>
    <ClCompile Include="http.cpp">
      <Filter>ソース ファイル\function</Filter>
    </ClCompile>
    <ClCompile Include="colorlist.cpp">
      <Filter>ソース ファイル\function\color</Filter>
    </ClCompile>
    <ClCompile Include="complex.cpp">
      <Filter>ソース ファイル\function\geometry</Filter>
    </ClCompile>
    <ClCompile Include="quaternion.cpp">
      <Filter>ソース ファイル\function\geometry</Filter>
    </ClCompile>
    <ClCompile Include="vector3.cpp">
      <Filter>ソース ファイル\function\geometry</Filter>
    </ClCompile>
    <ClCompile Include="vector2.cpp">
      <Filter>ソース ファイル\function\geometry</Filter>
    </ClCompile>
    <ClCompile Include="bit.cpp">
      <Filter>ソース ファイル\function</Filter>
    </ClCompile>
    <ClCompile Include="random.cpp">
      <Filter>ソース ファイル\function</Filter>
    </ClCompile>
    <ClCompile Include="QR-Code-generator\qrcodegen.cpp">
      <Filter>ソース ファイル\lib\qr-code-generator</Filter>
    </ClCompile>
    <ClCompile Include="qrcode.cpp">
      <Filter>ソース ファイル\function</Filter>
    </ClCompile>
    <ClCompile Include="textmodule_geometry.cpp">
      <Filter>ソース ファイル\lib</Filter>
    </ClCompile>
    <ClCompile Include="vector4.cpp">
      <Filter>ソース ファイル\function\geometry</Filter>
    </ClCompile>
    <ClCompile Include="obj.cpp">
      <Filter>ソース ファイル\function</Filter>
    </ClCompile>
    <ClCompile Include="ease.cpp">
      <Filter>ソース ファイル\function</Filter>
    </ClCompile>
    <ClCompile Include="textmodule_ease.cpp">
      <Filter>ソース ファイル\lib</Filter>
    </ClCompile>
    <ClCompile Include="textmodule_math.cpp">
      <Filter>ソース ファイル\lib</Filter>
    </ClCompile>
    <ClCompile Include="color.cpp">
      <Filter>ソース ファイル\function\color</Filter>
    </ClCompile>
    <ClCompile Include="pixel.cpp">
      <Filter>ソース ファイル\function\color</Filter>
    </ClCompile>
    <ClCompile Include="textmodule_color.cpp">
      <Filter>ソース ファイル\lib</Filter>
    </ClCompile>
    <ClCompile Include="image.cpp">
      <Filter>ソース ファイル\function\color</Filter>
    </ClCompile>
    <ClCompile Include="device.cpp">
      <Filter>ソース ファイル\function</Filter>
    </ClCompile>
    <ClCompile Include="time.cpp">
      <Filter>ソース ファイル\function</Filter>
    </ClCompile>
    <ClCompile Include="textmodule_time.cpp">
      <Filter>ソース ファイル\lib</Filter>
    </ClCompile>
    <ClCompile Include="bignumber.cpp">
      <Filter>ソース ファイル\function\math</Filter>
    </ClCompile>
    <ClCompile Include="json.cpp">
      <Filter>ソース ファイル\function</Filter>
    </ClCompile>
    <ClCompile Include="mecab.cpp">
      <Filter>ソース ファイル\function\string</Filter>
    </ClCompile>
    <ClCompile Include="tmstring.cpp">
      <Filter>ソース ファイル\function\string</Filter>
    </ClCompile>
    <ClCompile Include="string.cpp">
      <Filter>ソース ファイル\function\string</Filter>
    </ClCompile>
    <ClCompile Include="cmath.cpp">
      <Filter>ソース ファイル\function\math</Filter>
    </ClCompile>
    <ClCompile Include="matrix2.cpp">
      <Filter>ソース ファイル\function\geometry</Filter>
    </ClCompile>
    <ClCompile Include="matrix3.cpp">
      <Filter>ソース ファイル\function\geometry</Filter>
    </ClCompile>
    <ClCompile Include="MultipartEncoder\multipart_parser.cpp">
      <Filter>ソース ファイル\lib\MultipartEncoder</Filter>
    </ClCompile>
    <ClCompile Include="debug.cpp">
      <Filter>ソース ファイル\function\debug</Filter>
    </ClCompile>
    <ClCompile Include="sjis.cpp">
      <Filter>ソース ファイル\function\string</Filter>
    </ClCompile>
    <ClCompile Include="utf8.cpp">
      <Filter>ソース ファイル\function\string</Filter>
    </ClCompile>
    <ClCompile Include="uft16.cpp">
      <Filter>ソース ファイル\function\string</Filter>
    </ClCompile>
    <ClCompile Include="utf32.cpp">
      <Filter>ソース ファイル\function\string</Filter>
    </ClCompile>
    <ClCompile Include="eucjp.cpp">
      <Filter>ソース ファイル\function\string</Filter>
    </ClCompile>
    <ClCompile Include="textmodule_strtmp.cpp">
      <Filter>ソース ファイル\lib</Filter>
    </ClCompile>
    <ClCompile Include="numeric.cpp">
      <Filter>ソース ファイル\function\math</Filter>
    </ClCompile>
    <ClCompile Include="sequence.cpp">
      <Filter>ソース ファイル\function\math</Filter>
    </ClCompile>
    <ClCompile Include="textmodule_exception.cpp">
      <Filter>ソース ファイル\lib</Filter>
    </ClCompile>
    <ClCompile Include="table.cpp">
      <Filter>ソース ファイル\function</Filter>
    </ClCompile>
  </ItemGroup>
  <ItemGroup>
    <ClInclude Include="os.hpp">
      <Filter>ヘッダー ファイル\function</Filter>
    </ClInclude>
    <ClInclude Include="clipboard.hpp">
      <Filter>ヘッダー ファイル\function</Filter>
    </ClInclude>
    <ClInclude Include="filesystem.hpp">
      <Filter>ヘッダー ファイル\function</Filter>
    </ClInclude>
    <ClInclude Include="textmodule.hpp">
      <Filter>ヘッダー ファイル</Filter>
    </ClInclude>
    <ClInclude Include="textmodule_string.hpp">
      <Filter>ヘッダー ファイル\lib</Filter>
    </ClInclude>
    <ClInclude Include="textmodule_lua.hpp">
      <Filter>ヘッダー ファイル\lib</Filter>
    </ClInclude>
    <ClInclude Include="textmodule_exception.hpp">
      <Filter>ヘッダー ファイル\lib</Filter>
    </ClInclude>
    <ClInclude Include="textmodule_option.hpp">
      <Filter>ヘッダー ファイル\lib</Filter>
    </ClInclude>
    <ClInclude Include="hash.hpp">
      <Filter>ヘッダー ファイル\function</Filter>
    </ClInclude>
    <ClInclude Include="hash-library\crc32.h">
      <Filter>ヘッダー ファイル\lib\hash-library</Filter>
    </ClInclude>
    <ClInclude Include="hash-library\hash.h">
      <Filter>ヘッダー ファイル\lib\hash-library</Filter>
    </ClInclude>
    <ClInclude Include="hash-library\hmac.h">
      <Filter>ヘッダー ファイル\lib\hash-library</Filter>
    </ClInclude>
    <ClInclude Include="hash-library\keccak.h">
      <Filter>ヘッダー ファイル\lib\hash-library</Filter>
    </ClInclude>
    <ClInclude Include="hash-library\md5.h">
      <Filter>ヘッダー ファイル\lib\hash-library</Filter>
    </ClInclude>
    <ClInclude Include="hash-library\sha1.h">
      <Filter>ヘッダー ファイル\lib\hash-library</Filter>
    </ClInclude>
    <ClInclude Include="hash-library\sha3.h">
      <Filter>ヘッダー ファイル\lib\hash-library</Filter>
    </ClInclude>
    <ClInclude Include="hash-library\sha256.h">
      <Filter>ヘッダー ファイル\lib\hash-library</Filter>
    </ClInclude>
    <ClInclude Include="http.hpp">
      <Filter>ヘッダー ファイル\function</Filter>
    </ClInclude>
    <ClInclude Include="colorlist.hpp">
      <Filter>ヘッダー ファイル\function\color</Filter>
    </ClInclude>
    <ClInclude Include="complex.hpp">
      <Filter>ヘッダー ファイル\function\geometry</Filter>
    </ClInclude>
    <ClInclude Include="quaternion.hpp">
      <Filter>ヘッダー ファイル\function\geometry</Filter>
    </ClInclude>
    <ClInclude Include="vector3.hpp">
      <Filter>ヘッダー ファイル\function\geometry</Filter>
    </ClInclude>
    <ClInclude Include="vector2.hpp">
      <Filter>ヘッダー ファイル\function\geometry</Filter>
    </ClInclude>
    <ClInclude Include="bit.hpp">
      <Filter>ヘッダー ファイル\function</Filter>
    </ClInclude>
    <ClInclude Include="random.hpp">
      <Filter>ヘッダー ファイル\function</Filter>
    </ClInclude>
    <ClInclude Include="QR-Code-generator\qrcodegen.hpp">
      <Filter>ヘッダー ファイル\lib\qr-code-generator</Filter>
    </ClInclude>
    <ClInclude Include="base.hpp">
      <Filter>ヘッダー ファイル\function</Filter>
    </ClInclude>
    <ClInclude Include="qrcode.hpp">
      <Filter>ヘッダー ファイル\function</Filter>
    </ClInclude>
    <ClInclude Include="textmodule_geometry.hpp">
      <Filter>ヘッダー ファイル\lib</Filter>
    </ClInclude>
    <ClInclude Include="vector4.hpp">
      <Filter>ヘッダー ファイル\function\geometry</Filter>
    </ClInclude>
    <ClInclude Include="obj.hpp">
      <Filter>ヘッダー ファイル\function</Filter>
    </ClInclude>
    <ClInclude Include="ease.hpp">
      <Filter>ヘッダー ファイル\function</Filter>
    </ClInclude>
    <ClInclude Include="textmodule_ease.hpp">
      <Filter>ヘッダー ファイル\lib</Filter>
    </ClInclude>
    <ClInclude Include="textmodule_math.hpp">
      <Filter>ヘッダー ファイル\lib</Filter>
    </ClInclude>
    <ClInclude Include="color.hpp">
      <Filter>ヘッダー ファイル\function\color</Filter>
    </ClInclude>
    <ClInclude Include="pixel.hpp">
      <Filter>ヘッダー ファイル\function\color</Filter>
    </ClInclude>
    <ClInclude Include="textmodule_color.hpp">
      <Filter>ヘッダー ファイル\lib</Filter>
    </ClInclude>
    <ClInclude Include="image.hpp">
      <Filter>ヘッダー ファイル\function\color</Filter>
    </ClInclude>
    <ClInclude Include="device.hpp">
      <Filter>ヘッダー ファイル\function</Filter>
    </ClInclude>
    <ClInclude Include="time.hpp">
      <Filter>ヘッダー ファイル\function</Filter>
    </ClInclude>
    <ClInclude Include="textmodule_time.hpp">
      <Filter>ヘッダー ファイル\lib</Filter>
    </ClInclude>
    <ClInclude Include="bignumber.hpp">
      <Filter>ヘッダー ファイル\function\math</Filter>
    </ClInclude>
    <ClInclude Include="textmodule_type.hpp">
      <Filter>ヘッダー ファイル\lib</Filter>
    </ClInclude>
    <ClInclude Include="json.hpp">
      <Filter>ヘッダー ファイル\function</Filter>
    </ClInclude>
    <ClInclude Include="mecab.hpp">
      <Filter>ヘッダー ファイル\function\string</Filter>
    </ClInclude>
    <ClInclude Include="tmstring.hpp">
      <Filter>ヘッダー ファイル\function\string</Filter>
    </ClInclude>
    <ClInclude Include="string.hpp">
      <Filter>ヘッダー ファイル\function\string</Filter>
    </ClInclude>
    <ClInclude Include="cmath.hpp">
      <Filter>ヘッダー ファイル\function\math</Filter>
    </ClInclude>
    <ClInclude Include="matrix2.hpp">
      <Filter>ヘッダー ファイル\function\geometry</Filter>
    </ClInclude>
    <ClInclude Include="matrix3.hpp">
      <Filter>ヘッダー ファイル\function\geometry</Filter>
    </ClInclude>
    <ClInclude Include="MultipartEncoder\multipart_parser.h">
      <Filter>ヘッダー ファイル\lib\MultipartEncoder</Filter>
    </ClInclude>
    <ClInclude Include="debug.hpp">
      <Filter>ヘッダー ファイル\function\debug</Filter>
    </ClInclude>
    <ClInclude Include="sjis.hpp">
      <Filter>ヘッダー ファイル\function\string</Filter>
    </ClInclude>
    <ClInclude Include="utf8.hpp">
      <Filter>ヘッダー ファイル\function\string</Filter>
    </ClInclude>
    <ClInclude Include="utf16.hpp">
      <Filter>ヘッダー ファイル\function\string</Filter>
    </ClInclude>
    <ClInclude Include="utf32.hpp">
      <Filter>ヘッダー ファイル\function\string</Filter>
    </ClInclude>
    <ClInclude Include="eucjp.hpp">
      <Filter>ヘッダー ファイル\function\string</Filter>
    </ClInclude>
    <ClInclude Include="textmodule_strtmp.hpp">
      <Filter>ヘッダー ファイル\lib</Filter>
    </ClInclude>
    <ClInclude Include="numeric.hpp">
      <Filter>ヘッダー ファイル\function\math</Filter>
    </ClInclude>
    <ClInclude Include="sequence.hpp">
      <Filter>ヘッダー ファイル\function\math</Filter>
    </ClInclude>
    <ClInclude Include="table.hpp">
      <Filter>ヘッダー ファイル\function</Filter>
    </ClInclude>
  </ItemGroup>
  <ItemGroup>
    <None Include="packages.config" />
  </ItemGroup>
</Project>